// !$*UTF8*$!
{
	archiveVersion = 1;
	classes = {
	};
	objectVersion = 77;
	objects = {

/* Begin PBXBuildFile section */
		BA13C4472E63D32C00C35ED6 /* tournamentRuleSets.yaml in Resources */ = {isa = PBXBuildFile; fileRef = BA13C4462E63D32C00C35ED6 /* tournamentRuleSets.yaml */; };
		BA235A482E2F08C00021137F /* marketGroups.yaml in Resources */ = {isa = PBXBuildFile; fileRef = BA235A472E2F08C00021137F /* marketGroups.yaml */; };
		BA4D1D542E5297F800AD51A1 /* Flow in Frameworks */ = {isa = PBXBuildFile; productRef = BA4D1D532E5297F800AD51A1 /* Flow */; };
		BABE92A92E31DDB3004C616A /* dogmaEffects.yaml in Resources */ = {isa = PBXBuildFile; fileRef = BABE92A62E31DDB3004C616A /* dogmaEffects.yaml */; };
		BABE92AA2E31DDB3004C616A /* dogmaAttributeCategories.yaml in Resources */ = {isa = PBXBuildFile; fileRef = BABE92A82E31DDB3004C616A /* dogmaAttributeCategories.yaml */; };
		BABE92AB2E31DDB3004C616A /* dogmaAttributes.yaml in Resources */ = {isa = PBXBuildFile; fileRef = BABE92A72E31DDB3004C616A /* dogmaAttributes.yaml */; };
		BABE92B02E31E5D1004C616A /* typeDogma.yaml in Resources */ = {isa = PBXBuildFile; fileRef = BABE92AF2E31E5D1004C616A /* typeDogma.yaml */; };
		BAD7934E2E1E249300F15F8B /* Yams in Frameworks */ = {isa = PBXBuildFile; productRef = BAD7934D2E1E249300F15F8B /* Yams */; };
		BAD793502E1E270400F15F8B /* groupIDs.yaml in Resources */ = {isa = PBXBuildFile; fileRef = BAD7934F2E1E270400F15F8B /* groupIDs.yaml */; };
		BAD793522E1E288700F15F8B /* typeIDs.yaml in Resources */ = {isa = PBXBuildFile; fileRef = BAD793512E1E288700F15F8B /* typeIDs.yaml */; };
		BAD793682E22150700F15F8B /* categoryIDs.yaml in Resources */ = {isa = PBXBuildFile; fileRef = BAD793672E22150700F15F8B /* categoryIDs.yaml */; };
/* End PBXBuildFile section */

/* Begin PBXFileReference section */
		BA13C4462E63D32C00C35ED6 /* tournamentRuleSets.yaml */ = {isa = PBXFileReference; lastKnownFileType = text.yaml; path = tournamentRuleSets.yaml; sourceTree = "<group>"; };
		BA235A472E2F08C00021137F /* marketGroups.yaml */ = {isa = PBXFileReference; lastKnownFileType = text.yaml; path = marketGroups.yaml; sourceTree = "<group>"; };
		BABE92A62E31DDB3004C616A /* dogmaEffects.yaml */ = {isa = PBXFileReference; lastKnownFileType = text.yaml; path = dogmaEffects.yaml; sourceTree = "<group>"; };
		BABE92A72E31DDB3004C616A /* dogmaAttributes.yaml */ = {isa = PBXFileReference; lastKnownFileType = text.yaml; path = dogmaAttributes.yaml; sourceTree = "<group>"; };
		BABE92A82E31DDB3004C616A /* dogmaAttributeCategories.yaml */ = {isa = PBXFileReference; lastKnownFileType = text.yaml; path = dogmaAttributeCategories.yaml; sourceTree = "<group>"; };
		BABE92AF2E31E5D1004C616A /* typeDogma.yaml */ = {isa = PBXFileReference; lastKnownFileType = text.yaml; path = typeDogma.yaml; sourceTree = "<group>"; };
		BAD792C92E1E172200F15F8B /* EveSwiftData.app */ = {isa = PBXFileReference; explicitFileType = wrapper.application; includeInIndex = 0; path = EveSwiftData.app; sourceTree = BUILT_PRODUCTS_DIR; };
		BAD7934F2E1E270400F15F8B /* groupIDs.yaml */ = {isa = PBXFileReference; lastKnownFileType = text.yaml; path = groupIDs.yaml; sourceTree = "<group>"; };
		BAD793512E1E288700F15F8B /* typeIDs.yaml */ = {isa = PBXFileReference; lastKnownFileType = text.yaml; path = typeIDs.yaml; sourceTree = "<group>"; };
		BAD793672E22150700F15F8B /* categoryIDs.yaml */ = {isa = PBXFileReference; lastKnownFileType = text.yaml; path = categoryIDs.yaml; sourceTree = "<group>"; };
/* End PBXFileReference section */

/* Begin PBXFileSystemSynchronizedRootGroup section */
		BAD792CB2E1E172200F15F8B /* EveSwiftData */ = {
			isa = PBXFileSystemSynchronizedRootGroup;
			path = EveSwiftData;
			sourceTree = "<group>";
		};
/* End PBXFileSystemSynchronizedRootGroup section */

/* Begin PBXFrameworksBuildPhase section */
		BAD792C62E1E172200F15F8B /* Frameworks */ = {
			isa = PBXFrameworksBuildPhase;
			buildActionMask = 2147483647;
			files = (
				BA4D1D542E5297F800AD51A1 /* Flow in Frameworks */,
				BAD7934E2E1E249300F15F8B /* Yams in Frameworks */,
			);
			runOnlyForDeploymentPostprocessing = 0;
		};
/* End PBXFrameworksBuildPhase section */

/* Begin PBXGroup section */
		BAD792C02E1E172200F15F8B = {
			isa = PBXGroup;
			children = (
				BA13C4462E63D32C00C35ED6 /* tournamentRuleSets.yaml */,
				BABE92AF2E31E5D1004C616A /* typeDogma.yaml */,
				BABE92A62E31DDB3004C616A /* dogmaEffects.yaml */,
				BABE92A72E31DDB3004C616A /* dogmaAttributes.yaml */,
				BABE92A82E31DDB3004C616A /* dogmaAttributeCategories.yaml */,
				BAD793672E22150700F15F8B /* categoryIDs.yaml */,
				BAD793512E1E288700F15F8B /* typeIDs.yaml */,
				BAD7934F2E1E270400F15F8B /* groupIDs.yaml */,
				BA235A472E2F08C00021137F /* marketGroups.yaml */,
				BAD792CB2E1E172200F15F8B /* EveSwiftData */,
				BAD792CA2E1E172200F15F8B /* Products */,
			);
			sourceTree = "<group>";
		};
		BAD792CA2E1E172200F15F8B /* Products */ = {
			isa = PBXGroup;
			children = (
				BAD792C92E1E172200F15F8B /* EveSwiftData.app */,
			);
			name = Products;
			sourceTree = "<group>";
		};
/* End PBXGroup section */

/* Begin PBXNativeTarget section */
		BAD792C82E1E172200F15F8B /* EveSwiftData */ = {
			isa = PBXNativeTarget;
			buildConfigurationList = BAD792D62E1E172200F15F8B /* Build configuration list for PBXNativeTarget "EveSwiftData" */;
			buildPhases = (
				BAD792C52E1E172200F15F8B /* Sources */,
				BAD792C62E1E172200F15F8B /* Frameworks */,
				BAD792C72E1E172200F15F8B /* Resources */,
			);
			buildRules = (
			);
			dependencies = (
			);
			fileSystemSynchronizedGroups = (
				BAD792CB2E1E172200F15F8B /* EveSwiftData */,
			);
			name = EveSwiftData;
			packageProductDependencies = (
				BAD7934D2E1E249300F15F8B /* Yams */,
				BA4D1D532E5297F800AD51A1 /* Flow */,
			);
			productName = EveSwiftData;
			productReference = BAD792C92E1E172200F15F8B /* EveSwiftData.app */;
			productType = "com.apple.product-type.application";
		};
/* End PBXNativeTarget section */

/* Begin PBXProject section */
		BAD792C12E1E172200F15F8B /* Project object */ = {
			isa = PBXProject;
			attributes = {
				BuildIndependentTargetsInParallel = 1;
				LastSwiftUpdateCheck = 2600;
				LastUpgradeCheck = 2600;
				TargetAttributes = {
					BAD792C82E1E172200F15F8B = {
						CreatedOnToolsVersion = 26.0;
					};
				};
			};
			buildConfigurationList = BAD792C42E1E172200F15F8B /* Build configuration list for PBXProject "EveSwiftData" */;
			developmentRegion = en;
			hasScannedForEncodings = 0;
			knownRegions = (
				en,
				Base,
			);
			mainGroup = BAD792C02E1E172200F15F8B;
			minimizedProjectReferenceProxies = 1;
			packageReferences = (
				BAD7934C2E1E249300F15F8B /* XCRemoteSwiftPackageReference "Yams" */,
				BA4D1D522E5297F800AD51A1 /* XCRemoteSwiftPackageReference "SwiftUI-Flow" */,
			);
			preferredProjectObjectVersion = 77;
			productRefGroup = BAD792CA2E1E172200F15F8B /* Products */;
			projectDirPath = "";
			projectRoot = "";
			targets = (
				BAD792C82E1E172200F15F8B /* EveSwiftData */,
			);
		};
/* End PBXProject section */

/* Begin PBXResourcesBuildPhase section */
		BAD792C72E1E172200F15F8B /* Resources */ = {
			isa = PBXResourcesBuildPhase;
			buildActionMask = 2147483647;
			files = (
				BAD793522E1E288700F15F8B /* typeIDs.yaml in Resources */,
				BAD793502E1E270400F15F8B /* groupIDs.yaml in Resources */,
				BAD793682E22150700F15F8B /* categoryIDs.yaml in Resources */,
				BA235A482E2F08C00021137F /* marketGroups.yaml in Resources */,
				BA13C4472E63D32C00C35ED6 /* tournamentRuleSets.yaml in Resources */,
				BABE92A92E31DDB3004C616A /* dogmaEffects.yaml in Resources */,
				BABE92B02E31E5D1004C616A /* typeDogma.yaml in Resources */,
				BABE92AA2E31DDB3004C616A /* dogmaAttributeCategories.yaml in Resources */,
				BABE92AB2E31DDB3004C616A /* dogmaAttributes.yaml in Resources */,
			);
			runOnlyForDeploymentPostprocessing = 0;
		};
/* End PBXResourcesBuildPhase section */

/* Begin PBXSourcesBuildPhase section */
		BAD792C52E1E172200F15F8B /* Sources */ = {
			isa = PBXSourcesBuildPhase;
			buildActionMask = 2147483647;
			files = (
			);
			runOnlyForDeploymentPostprocessing = 0;
		};
/* End PBXSourcesBuildPhase section */

/* Begin XCBuildConfiguration section */
		BAD792D42E1E172200F15F8B /* Debug */ = {
			isa = XCBuildConfiguration;
			buildSettings = {
				ALWAYS_SEARCH_USER_PATHS = NO;
				ASSETCATALOG_COMPILER_GENERATE_SWIFT_ASSET_SYMBOL_EXTENSIONS = YES;
				CLANG_ANALYZER_NONNULL = YES;
				CLANG_ANALYZER_NUMBER_OBJECT_CONVERSION = YES_AGGRESSIVE;
				CLANG_CXX_LANGUAGE_STANDARD = "gnu++20";
				CLANG_ENABLE_MODULES = YES;
				CLANG_ENABLE_OBJC_ARC = YES;
				CLANG_ENABLE_OBJC_WEAK = YES;
				CLANG_WARN_BLOCK_CAPTURE_AUTORELEASING = YES;
				CLANG_WARN_BOOL_CONVERSION = YES;
				CLANG_WARN_COMMA = YES;
				CLANG_WARN_CONSTANT_CONVERSION = YES;
				CLANG_WARN_DEPRECATED_OBJC_IMPLEMENTATIONS = YES;
				CLANG_WARN_DIRECT_OBJC_ISA_USAGE = YES_ERROR;
				CLANG_WARN_DOCUMENTATION_COMMENTS = YES;
				CLANG_WARN_EMPTY_BODY = YES;
				CLANG_WARN_ENUM_CONVERSION = YES;
				CLANG_WARN_INFINITE_RECURSION = YES;
				CLANG_WARN_INT_CONVERSION = YES;
				CLANG_WARN_NON_LITERAL_NULL_CONVERSION = YES;
				CLANG_WARN_OBJC_IMPLICIT_RETAIN_SELF = YES;
				CLANG_WARN_OBJC_LITERAL_CONVERSION = YES;
				CLANG_WARN_OBJC_ROOT_CLASS = YES_ERROR;
				CLANG_WARN_QUOTED_INCLUDE_IN_FRAMEWORK_HEADER = YES;
				CLANG_WARN_RANGE_LOOP_ANALYSIS = YES;
				CLANG_WARN_STRICT_PROTOTYPES = YES;
				CLANG_WARN_SUSPICIOUS_MOVE = YES;
				CLANG_WARN_UNGUARDED_AVAILABILITY = YES_AGGRESSIVE;
				CLANG_WARN_UNREACHABLE_CODE = YES;
				CLANG_WARN__DUPLICATE_METHOD_MATCH = YES;
				COPY_PHASE_STRIP = NO;
				DEBUG_INFORMATION_FORMAT = dwarf;
				ENABLE_STRICT_OBJC_MSGSEND = YES;
				ENABLE_TESTABILITY = YES;
				ENABLE_USER_SCRIPT_SANDBOXING = YES;
				GCC_C_LANGUAGE_STANDARD = gnu17;
				GCC_DYNAMIC_NO_PIC = NO;
				GCC_NO_COMMON_BLOCKS = YES;
				GCC_OPTIMIZATION_LEVEL = 0;
				GCC_PREPROCESSOR_DEFINITIONS = (
					"DEBUG=1",
					"$(inherited)",
				);
				GCC_WARN_64_TO_32_BIT_CONVERSION = YES;
				GCC_WARN_ABOUT_RETURN_TYPE = YES_ERROR;
				GCC_WARN_UNDECLARED_SELECTOR = YES;
				GCC_WARN_UNINITIALIZED_AUTOS = YES_AGGRESSIVE;
				GCC_WARN_UNUSED_FUNCTION = YES;
				GCC_WARN_UNUSED_VARIABLE = YES;
				LOCALIZATION_PREFERS_STRING_CATALOGS = YES;
				MTL_ENABLE_DEBUG_INFO = INCLUDE_SOURCE;
				MTL_FAST_MATH = YES;
				ONLY_ACTIVE_ARCH = YES;
				SWIFT_ACTIVE_COMPILATION_CONDITIONS = "DEBUG $(inherited)";
				SWIFT_OPTIMIZATION_LEVEL = "-Onone";
			};
			name = Debug;
		};
		BAD792D52E1E172200F15F8B /* Release */ = {
			isa = XCBuildConfiguration;
			buildSettings = {
				ALWAYS_SEARCH_USER_PATHS = NO;
				ASSETCATALOG_COMPILER_GENERATE_SWIFT_ASSET_SYMBOL_EXTENSIONS = YES;
				CLANG_ANALYZER_NONNULL = YES;
				CLANG_ANALYZER_NUMBER_OBJECT_CONVERSION = YES_AGGRESSIVE;
				CLANG_CXX_LANGUAGE_STANDARD = "gnu++20";
				CLANG_ENABLE_MODULES = YES;
				CLANG_ENABLE_OBJC_ARC = YES;
				CLANG_ENABLE_OBJC_WEAK = YES;
				CLANG_WARN_BLOCK_CAPTURE_AUTORELEASING = YES;
				CLANG_WARN_BOOL_CONVERSION = YES;
				CLANG_WARN_COMMA = YES;
				CLANG_WARN_CONSTANT_CONVERSION = YES;
				CLANG_WARN_DEPRECATED_OBJC_IMPLEMENTATIONS = YES;
				CLANG_WARN_DIRECT_OBJC_ISA_USAGE = YES_ERROR;
				CLANG_WARN_DOCUMENTATION_COMMENTS = YES;
				CLANG_WARN_EMPTY_BODY = YES;
				CLANG_WARN_ENUM_CONVERSION = YES;
				CLANG_WARN_INFINITE_RECURSION = YES;
				CLANG_WARN_INT_CONVERSION = YES;
				CLANG_WARN_NON_LITERAL_NULL_CONVERSION = YES;
				CLANG_WARN_OBJC_IMPLICIT_RETAIN_SELF = YES;
				CLANG_WARN_OBJC_LITERAL_CONVERSION = YES;
				CLANG_WARN_OBJC_ROOT_CLASS = YES_ERROR;
				CLANG_WARN_QUOTED_INCLUDE_IN_FRAMEWORK_HEADER = YES;
				CLANG_WARN_RANGE_LOOP_ANALYSIS = YES;
				CLANG_WARN_STRICT_PROTOTYPES = YES;
				CLANG_WARN_SUSPICIOUS_MOVE = YES;
				CLANG_WARN_UNGUARDED_AVAILABILITY = YES_AGGRESSIVE;
				CLANG_WARN_UNREACHABLE_CODE = YES;
				CLANG_WARN__DUPLICATE_METHOD_MATCH = YES;
				COPY_PHASE_STRIP = NO;
				DEBUG_INFORMATION_FORMAT = "dwarf-with-dsym";
				ENABLE_NS_ASSERTIONS = NO;
				ENABLE_STRICT_OBJC_MSGSEND = YES;
				ENABLE_USER_SCRIPT_SANDBOXING = YES;
				GCC_C_LANGUAGE_STANDARD = gnu17;
				GCC_NO_COMMON_BLOCKS = YES;
				GCC_WARN_64_TO_32_BIT_CONVERSION = YES;
				GCC_WARN_ABOUT_RETURN_TYPE = YES_ERROR;
				GCC_WARN_UNDECLARED_SELECTOR = YES;
				GCC_WARN_UNINITIALIZED_AUTOS = YES_AGGRESSIVE;
				GCC_WARN_UNUSED_FUNCTION = YES;
				GCC_WARN_UNUSED_VARIABLE = YES;
				LOCALIZATION_PREFERS_STRING_CATALOGS = YES;
				MTL_ENABLE_DEBUG_INFO = NO;
				MTL_FAST_MATH = YES;
				SWIFT_COMPILATION_MODE = wholemodule;
			};
			name = Release;
		};
		BAD792D72E1E172200F15F8B /* Debug */ = {
			isa = XCBuildConfiguration;
			buildSettings = {
				ASSETCATALOG_COMPILER_APPICON_NAME = AppIcon;
				ASSETCATALOG_COMPILER_GLOBAL_ACCENT_COLOR_NAME = AccentColor;
				CODE_SIGN_STYLE = Automatic;
				CURRENT_PROJECT_VERSION = 1;
				ENABLE_APP_SANDBOX = YES;
				ENABLE_PREVIEWS = YES;
				ENABLE_USER_SELECTED_FILES = readonly;
				GENERATE_INFOPLIST_FILE = YES;
				"INFOPLIST_KEY_UIApplicationSceneManifest_Generation[sdk=iphoneos*]" = YES;
				"INFOPLIST_KEY_UIApplicationSceneManifest_Generation[sdk=iphonesimulator*]" = YES;
				"INFOPLIST_KEY_UIApplicationSupportsIndirectInputEvents[sdk=iphoneos*]" = YES;
				"INFOPLIST_KEY_UIApplicationSupportsIndirectInputEvents[sdk=iphonesimulator*]" = YES;
				"INFOPLIST_KEY_UILaunchScreen_Generation[sdk=iphoneos*]" = YES;
				"INFOPLIST_KEY_UILaunchScreen_Generation[sdk=iphonesimulator*]" = YES;
				"INFOPLIST_KEY_UIStatusBarStyle[sdk=iphoneos*]" = UIStatusBarStyleDefault;
				"INFOPLIST_KEY_UIStatusBarStyle[sdk=iphonesimulator*]" = UIStatusBarStyleDefault;
				INFOPLIST_KEY_UISupportedInterfaceOrientations_iPad = "UIInterfaceOrientationPortrait UIInterfaceOrientationPortraitUpsideDown UIInterfaceOrientationLandscapeLeft UIInterfaceOrientationLandscapeRight";
				INFOPLIST_KEY_UISupportedInterfaceOrientations_iPhone = "UIInterfaceOrientationPortrait UIInterfaceOrientationLandscapeLeft UIInterfaceOrientationLandscapeRight";
				IPHONEOS_DEPLOYMENT_TARGET = 26.0;
				LD_RUNPATH_SEARCH_PATHS = "@executable_path/Frameworks";
				"LD_RUNPATH_SEARCH_PATHS[sdk=macosx*]" = "@executable_path/../Frameworks";
				MACOSX_DEPLOYMENT_TARGET = 26.0;
				MARKETING_VERSION = 1.0;
				PRODUCT_BUNDLE_IDENTIFIER = atlas.EveSwiftData;
				PRODUCT_NAME = "$(TARGET_NAME)";
				REGISTER_APP_GROUPS = YES;
				SDKROOT = auto;
				STRING_CATALOG_GENERATE_SYMBOLS = YES;
				SUPPORTED_PLATFORMS = "iphoneos iphonesimulator macosx xros xrsimulator";
				SWIFT_APPROACHABLE_CONCURRENCY = YES;
				SWIFT_DEFAULT_ACTOR_ISOLATION = MainActor;
				SWIFT_EMIT_LOC_STRINGS = YES;
				SWIFT_UPCOMING_FEATURE_MEMBER_IMPORT_VISIBILITY = YES;
				SWIFT_VERSION = 5.0;
				TARGETED_DEVICE_FAMILY = "1,2,7";
				XROS_DEPLOYMENT_TARGET = 26.0;
			};
			name = Debug;
		};
		BAD792D82E1E172200F15F8B /* Release */ = {
			isa = XCBuildConfiguration;
			buildSettings = {
				ASSETCATALOG_COMPILER_APPICON_NAME = AppIcon;
				ASSETCATALOG_COMPILER_GLOBAL_ACCENT_COLOR_NAME = AccentColor;
				CODE_SIGN_STYLE = Automatic;
				CURRENT_PROJECT_VERSION = 1;
				ENABLE_APP_SANDBOX = YES;
				ENABLE_PREVIEWS = YES;
				ENABLE_USER_SELECTED_FILES = readonly;
				GENERATE_INFOPLIST_FILE = YES;
				"INFOPLIST_KEY_UIApplicationSceneManifest_Generation[sdk=iphoneos*]" = YES;
				"INFOPLIST_KEY_UIApplicationSceneManifest_Generation[sdk=iphonesimulator*]" = YES;
				"INFOPLIST_KEY_UIApplicationSupportsIndirectInputEvents[sdk=iphoneos*]" = YES;
				"INFOPLIST_KEY_UIApplicationSupportsIndirectInputEvents[sdk=iphonesimulator*]" = YES;
				"INFOPLIST_KEY_UILaunchScreen_Generation[sdk=iphoneos*]" = YES;
				"INFOPLIST_KEY_UILaunchScreen_Generation[sdk=iphonesimulator*]" = YES;
				"INFOPLIST_KEY_UIStatusBarStyle[sdk=iphoneos*]" = UIStatusBarStyleDefault;
				"INFOPLIST_KEY_UIStatusBarStyle[sdk=iphonesimulator*]" = UIStatusBarStyleDefault;
				INFOPLIST_KEY_UISupportedInterfaceOrientations_iPad = "UIInterfaceOrientationPortrait UIInterfaceOrientationPortraitUpsideDown UIInterfaceOrientationLandscapeLeft UIInterfaceOrientationLandscapeRight";
				INFOPLIST_KEY_UISupportedInterfaceOrientations_iPhone = "UIInterfaceOrientationPortrait UIInterfaceOrientationLandscapeLeft UIInterfaceOrientationLandscapeRight";
				IPHONEOS_DEPLOYMENT_TARGET = 26.0;
				LD_RUNPATH_SEARCH_PATHS = "@executable_path/Frameworks";
				"LD_RUNPATH_SEARCH_PATHS[sdk=macosx*]" = "@executable_path/../Frameworks";
				MACOSX_DEPLOYMENT_TARGET = 26.0;
				MARKETING_VERSION = 1.0;
				PRODUCT_BUNDLE_IDENTIFIER = atlas.EveSwiftData;
				PRODUCT_NAME = "$(TARGET_NAME)";
				REGISTER_APP_GROUPS = YES;
				SDKROOT = auto;
				STRING_CATALOG_GENERATE_SYMBOLS = YES;
				SUPPORTED_PLATFORMS = "iphoneos iphonesimulator macosx xros xrsimulator";
				SWIFT_APPROACHABLE_CONCURRENCY = YES;
				SWIFT_DEFAULT_ACTOR_ISOLATION = MainActor;
				SWIFT_EMIT_LOC_STRINGS = YES;
				SWIFT_UPCOMING_FEATURE_MEMBER_IMPORT_VISIBILITY = YES;
				SWIFT_VERSION = 5.0;
				TARGETED_DEVICE_FAMILY = "1,2,7";
				XROS_DEPLOYMENT_TARGET = 26.0;
			};
			name = Release;
		};
/* End XCBuildConfiguration section */

/* Begin XCConfigurationList section */
		BAD792C42E1E172200F15F8B /* Build configuration list for PBXProject "EveSwiftData" */ = {
			isa = XCConfigurationList;
			buildConfigurations = (
				BAD792D42E1E172200F15F8B /* Debug */,
				BAD792D52E1E172200F15F8B /* Release */,
			);
			defaultConfigurationIsVisible = 0;
			defaultConfigurationName = Release;
		};
		BAD792D62E1E172200F15F8B /* Build configuration list for PBXNativeTarget "EveSwiftData" */ = {
			isa = XCConfigurationList;
			buildConfigurations = (
				BAD792D72E1E172200F15F8B /* Debug */,
				BAD792D82E1E172200F15F8B /* Release */,
			);
			defaultConfigurationIsVisible = 0;
			defaultConfigurationName = Release;
		};
/* End XCConfigurationList section */

/* Begin XCRemoteSwiftPackageReference section */
		BA4D1D522E5297F800AD51A1 /* XCRemoteSwiftPackageReference "SwiftUI-Flow" */ = {
			isa = XCRemoteSwiftPackageReference;
			repositoryURL = "https://github.com/tevelee/SwiftUI-Flow";
			requirement = {
				kind = upToNextMajorVersion;
				minimumVersion = 3.1.1;
			};
		};
		BAD7934C2E1E249300F15F8B /* XCRemoteSwiftPackageReference "Yams" */ = {
			isa = XCRemoteSwiftPackageReference;
			repositoryURL = "https://github.com/jpsim/Yams";
			requirement = {
				kind = upToNextMajorVersion;
				minimumVersion = 6.0.2;
			};
		};
/* End XCRemoteSwiftPackageReference section */

/* Begin XCSwiftPackageProductDependency section */
		BA4D1D532E5297F800AD51A1 /* Flow */ = {
			isa = XCSwiftPackageProductDependency;
			package = BA4D1D522E5297F800AD51A1 /* XCRemoteSwiftPackageReference "SwiftUI-Flow" */;
			productName = Flow;
		};
		BAD7934D2E1E249300F15F8B /* Yams */ = {
			isa = XCSwiftPackageProductDependency;
			package = BAD7934C2E1E249300F15F8B /* XCRemoteSwiftPackageReference "Yams" */;
			productName = Yams;
		};
/* End XCSwiftPackageProductDependency section */
	};
	rootObject = BAD792C12E1E172200F15F8B /* Project object */;
}
